
Microsoft Visual Studio Solution File, Format Version 12.00
# Visual Studio Version 17
VisualStudioVersion = 17.4.33015.44
MinimumVisualStudioVersion = 10.0.40219.1
Project("{FAE04EC0-301F-11D3-BF4B-00C04F79EFBC}") = "Telhai.CS.Demos", "Telhai.CS.Demos\Telhai.CS.Demos.csproj", "{884EA776-1389-4E1E-A7D1-ECB0ADF2C3F5}"
EndProject
Project("{FAE04EC0-301F-11D3-BF4B-00C04F79EFBC}") = "Telhai.CS.Logging", "Telhai.CS.Logger\Telhai.CS.Logging.csproj", "{847B0CD5-B05B-4B80-A0DF-6C9650198F83}"
EndProject
Global
	GlobalSection(SolutionConfigurationPlatforms) = preSolution
		Debug|Any CPU = Debug|Any CPU
		Release|Any CPU = Release|Any CPU
	EndGlobalSection
	GlobalSection(ProjectConfigurationPlatforms) = postSolution
		{884EA776-1389-4E1E-A7D1-ECB0ADF2C3F5}.Debug|Any CPU.ActiveCfg = Debug|Any CPU
		{884EA776-1389-4E1E-A7D1-ECB0ADF2C3F5}.Debug|Any CPU.Build.0 = Debug|Any CPU
		{884EA776-1389-4E1E-A7D1-ECB0ADF2C3F5}.Release|Any CPU.ActiveCfg = Release|Any CPU
		{884EA776-1389-4E1E-A7D1-ECB0ADF2C3F5}.Release|Any CPU.Build.0 = Release|Any CPU
		{847B0CD5-B05B-4B80-A0DF-6C9650198F83}.Debug|Any CPU.ActiveCfg = Debug|Any CPU
		{847B0CD5-B05B-4B80-A0DF-6C9650198F83}.Debug|Any CPU.Build.0 = Debug|Any CPU
		{847B0CD5-B05B-4B80-A0DF-6C9650198F83}.Release|Any CPU.ActiveCfg = Release|Any CPU
		{847B0CD5-B05B-4B80-A0DF-6C9650198F83}.Release|Any CPU.Build.0 = Release|Any CPU
	EndGlobalSection
	GlobalSection(SolutionProperties) = preSolution
		HideSolutionNode = FALSE
	EndGlobalSection
	GlobalSection(ExtensibilityGlobals) = postSolution
		SolutionGuid = {3941D705-0DEF-47CF-B01E-C6235157B8B3}
	EndGlobalSection
EndGlobal
